<?xml version="1.0" encoding="utf-8"?>
<Project ToolsVersion="4.0" xmlns="http://schemas.microsoft.com/developer/msbuild/2003">
  <ItemGroup>
    <Filter Include="Resource Files">
      <UniqueIdentifier>{67DA6AB6-F800-4c08-8B7A-83BB121AAD01}</UniqueIdentifier>
      <Extensions>rc;ico;cur;bmp;dlg;rc2;rct;bin;rgs;gif;jpg;jpeg;jpe;resx;tiff;tif;png;wav;mfcribbon-ms</Extensions>
    </Filter>
  </ItemGroup>
  <ItemGroup>
    <ResourceCompile Include="app.rc">
      <Filter>Resource Files</Filter>
    </ResourceCompile>
  </ItemGroup>
  <ItemGroup>
    <Image Include="app.ico">
      <Filter>Resource Files</Filter>
    </Image>
  </ItemGroup>
  <ItemGroup>
    <ClInclude Include="resource.h" />
    <ClInclude Include="Stdafx.h" />
    <ClInclude Include="MupenEngine.h" />
    <ClInclude Include="core_interface.h" />
    <ClInclude Include="main.h" />
    <ClInclude Include="osal_dynamiclib.h" />
    <ClInclude Include="osal_files.h" />
    <ClInclude Include="osal_preproc.h" />
    <ClInclude Include="version.h" />
    <ClInclude Include="compare_core.h" />
    <ClInclude Include="cheat.h" />
    <ClInclude Include="plugin.h" />
  </ItemGroup>
  <ItemGroup>
    <ClCompile Include="Stdafx.cpp" />
    <ClCompile Include="AssemblyInfo.cpp" />
    <ClCompile Include="core_interface.c" />
    <ClCompile Include="main.c" />
    <ClCompile Include="osal_dynamiclib_win32.c" />
    <ClCompile Include="osal_files_win32.c" />
    <ClCompile Include="compare_core.c" />
    <ClCompile Include="cheat.c" />
    <ClCompile Include="plugin.c" />
    <ClCompile Include="MupenEngine.cpp" />
  </ItemGroup>
  <ItemGroup>
    <Text Include="ReadMe.txt" />
  </ItemGroup>
</Project>